// !$*UTF8*$!
{
	archiveVersion = 1;
	classes = {
	};
	objectVersion = 50;
	objects = {

/* Begin PBXBuildFile section */
		840EDE582612C92500DA712D /* AppDelegate.swift in Sources */ = {isa = PBXBuildFile; fileRef = 840EDE572612C92500DA712D /* AppDelegate.swift */; };
		840EDE5A2612C92500DA712D /* SceneDelegate.swift in Sources */ = {isa = PBXBuildFile; fileRef = 840EDE592612C92500DA712D /* SceneDelegate.swift */; };
		840EDE612612C92800DA712D /* Assets.xcassets in Resources */ = {isa = PBXBuildFile; fileRef = 840EDE602612C92800DA712D /* Assets.xcassets */; };
		840EDE642612C92800DA712D /* LaunchScreen.storyboard in Resources */ = {isa = PBXBuildFile; fileRef = 840EDE622612C92800DA712D /* LaunchScreen.storyboard */; };
		840EDE732612C9F200DA712D /* HomeView.storyboard in Resources */ = {isa = PBXBuildFile; fileRef = 840EDE722612C9F200DA712D /* HomeView.storyboard */; };
		840EDE762612CA0100DA712D /* HomeViewController.swift in Sources */ = {isa = PBXBuildFile; fileRef = 840EDE752612CA0100DA712D /* HomeViewController.swift */; };
		840EDE7A2612CBBA00DA712D /* TagsView.storyboard in Resources */ = {isa = PBXBuildFile; fileRef = 840EDE792612CBBA00DA712D /* TagsView.storyboard */; };
		840EDE7D2612CBC600DA712D /* TagsViewController.swift in Sources */ = {isa = PBXBuildFile; fileRef = 840EDE7C2612CBC600DA712D /* TagsViewController.swift */; };
		840EDE802612CC1E00DA712D /* CommonModels.swift in Sources */ = {isa = PBXBuildFile; fileRef = 840EDE7F2612CC1E00DA712D /* CommonModels.swift */; };
		840EDE852612D23100DA712D /* PhotoCollectionViewCell.swift in Sources */ = {isa = PBXBuildFile; fileRef = 840EDE832612D23100DA712D /* PhotoCollectionViewCell.swift */; };
		840EDE862612D23100DA712D /* PhotoCollectionViewCell.xib in Resources */ = {isa = PBXBuildFile; fileRef = 840EDE842612D23100DA712D /* PhotoCollectionViewCell.xib */; };
		840EDE8C2612D25B00DA712D /* TagCollectionViewCell.swift in Sources */ = {isa = PBXBuildFile; fileRef = 840EDE8A2612D25B00DA712D /* TagCollectionViewCell.swift */; };
		840EDE8D2612D25B00DA712D /* TagCollectionViewCell.xib in Resources */ = {isa = PBXBuildFile; fileRef = 840EDE8B2612D25B00DA712D /* TagCollectionViewCell.xib */; };
		840EDE912612DA4F00DA712D /* CustomFlowLayoutCollectionView.swift in Sources */ = {isa = PBXBuildFile; fileRef = 840EDE902612DA4F00DA712D /* CustomFlowLayoutCollectionView.swift */; };
		840EDE962612FE2D00DA712D /* UIImageExtension.swift in Sources */ = {isa = PBXBuildFile; fileRef = 840EDE952612FE2C00DA712D /* UIImageExtension.swift */; };
/* End PBXBuildFile section */

/* Begin PBXFileReference section */
		840EDE542612C92500DA712D /* W3-Project1-Gumi.app */ = {isa = PBXFileReference; explicitFileType = wrapper.application; includeInIndex = 0; path = "W3-Project1-Gumi.app"; sourceTree = BUILT_PRODUCTS_DIR; };
		840EDE572612C92500DA712D /* AppDelegate.swift */ = {isa = PBXFileReference; lastKnownFileType = sourcecode.swift; path = AppDelegate.swift; sourceTree = "<group>"; };
		840EDE592612C92500DA712D /* SceneDelegate.swift */ = {isa = PBXFileReference; lastKnownFileType = sourcecode.swift; path = SceneDelegate.swift; sourceTree = "<group>"; };
		840EDE602612C92800DA712D /* Assets.xcassets */ = {isa = PBXFileReference; lastKnownFileType = folder.assetcatalog; path = Assets.xcassets; sourceTree = "<group>"; };
		840EDE632612C92800DA712D /* Base */ = {isa = PBXFileReference; lastKnownFileType = file.storyboard; name = Base; path = Base.lproj/LaunchScreen.storyboard; sourceTree = "<group>"; };
		840EDE652612C92800DA712D /* Info.plist */ = {isa = PBXFileReference; lastKnownFileType = text.plist.xml; path = Info.plist; sourceTree = "<group>"; };
		840EDE722612C9F200DA712D /* HomeView.storyboard */ = {isa = PBXFileReference; lastKnownFileType = file.storyboard; path = HomeView.storyboard; sourceTree = "<group>"; };
		840EDE752612CA0100DA712D /* HomeViewController.swift */ = {isa = PBXFileReference; lastKnownFileType = sourcecode.swift; path = HomeViewController.swift; sourceTree = "<group>"; };
		840EDE792612CBBA00DA712D /* TagsView.storyboard */ = {isa = PBXFileReference; lastKnownFileType = file.storyboard; path = TagsView.storyboard; sourceTree = "<group>"; };
		840EDE7C2612CBC600DA712D /* TagsViewController.swift */ = {isa = PBXFileReference; lastKnownFileType = sourcecode.swift; path = TagsViewController.swift; sourceTree = "<group>"; };
		840EDE7F2612CC1E00DA712D /* CommonModels.swift */ = {isa = PBXFileReference; lastKnownFileType = sourcecode.swift; path = CommonModels.swift; sourceTree = "<group>"; };
		840EDE832612D23100DA712D /* PhotoCollectionViewCell.swift */ = {isa = PBXFileReference; lastKnownFileType = sourcecode.swift; path = PhotoCollectionViewCell.swift; sourceTree = "<group>"; };
		840EDE842612D23100DA712D /* PhotoCollectionViewCell.xib */ = {isa = PBXFileReference; lastKnownFileType = file.xib; path = PhotoCollectionViewCell.xib; sourceTree = "<group>"; };
		840EDE8A2612D25B00DA712D /* TagCollectionViewCell.swift */ = {isa = PBXFileReference; lastKnownFileType = sourcecode.swift; path = TagCollectionViewCell.swift; sourceTree = "<group>"; };
		840EDE8B2612D25B00DA712D /* TagCollectionViewCell.xib */ = {isa = PBXFileReference; lastKnownFileType = file.xib; path = TagCollectionViewCell.xib; sourceTree = "<group>"; };
		840EDE902612DA4F00DA712D /* CustomFlowLayoutCollectionView.swift */ = {isa = PBXFileReference; lastKnownFileType = sourcecode.swift; path = CustomFlowLayoutCollectionView.swift; sourceTree = "<group>"; };
		840EDE952612FE2C00DA712D /* UIImageExtension.swift */ = {isa = PBXFileReference; lastKnownFileType = sourcecode.swift; path = UIImageExtension.swift; sourceTree = "<group>"; };
/* End PBXFileReference section */

/* Begin PBXFrameworksBuildPhase section */
		840EDE512612C92500DA712D /* Frameworks */ = {
			isa = PBXFrameworksBuildPhase;
			buildActionMask = 2147483647;
			files = (
			);
			runOnlyForDeploymentPostprocessing = 0;
		};
/* End PBXFrameworksBuildPhase section */

/* Begin PBXGroup section */
		840EDE4B2612C92500DA712D = {
			isa = PBXGroup;
			children = (
				840EDE562612C92500DA712D /* W3-Project1-Gumi */,
				840EDE552612C92500DA712D /* Products */,
			);
			sourceTree = "<group>";
		};
		840EDE552612C92500DA712D /* Products */ = {
			isa = PBXGroup;
			children = (
				840EDE542612C92500DA712D /* W3-Project1-Gumi.app */,
			);
			name = Products;
			sourceTree = "<group>";
		};
		840EDE562612C92500DA712D /* W3-Project1-Gumi */ = {
			isa = PBXGroup;
			children = (
				840EDE702612C96400DA712D /* UI */,
				840EDE6F2612C95900DA712D /* Extension */,
				840EDE6E2612C95200DA712D /* Data */,
				840EDE572612C92500DA712D /* AppDelegate.swift */,
				840EDE592612C92500DA712D /* SceneDelegate.swift */,
				840EDE602612C92800DA712D /* Assets.xcassets */,
				840EDE622612C92800DA712D /* LaunchScreen.storyboard */,
				840EDE652612C92800DA712D /* Info.plist */,
			);
			path = "W3-Project1-Gumi";
			sourceTree = "<group>";
		};
		840EDE6E2612C95200DA712D /* Data */ = {
			isa = PBXGroup;
			children = (
				840EDE7F2612CC1E00DA712D /* CommonModels.swift */,
			);
			path = Data;
			sourceTree = "<group>";
		};
		840EDE6F2612C95900DA712D /* Extension */ = {
			isa = PBXGroup;
			children = (
				840EDE952612FE2C00DA712D /* UIImageExtension.swift */,
			);
			path = Extension;
			sourceTree = "<group>";
		};
		840EDE702612C96400DA712D /* UI */ = {
			isa = PBXGroup;
			children = (
				840EDE782612CBA100DA712D /* TagsView */,
				840EDE712612C97200DA712D /* HomeView */,
			);
			path = UI;
			sourceTree = "<group>";
		};
		840EDE712612C97200DA712D /* HomeView */ = {
			isa = PBXGroup;
			children = (
				840EDE822612D20900DA712D /* PhotoCollectionViewCell */,
				840EDE722612C9F200DA712D /* HomeView.storyboard */,
				840EDE752612CA0100DA712D /* HomeViewController.swift */,
			);
			path = HomeView;
			sourceTree = "<group>";
		};
		840EDE782612CBA100DA712D /* TagsView */ = {
			isa = PBXGroup;
			children = (
				840EDE8F2612DA4000DA712D /* CustomFlowLayout */,
				840EDE892612D24800DA712D /* TagCollectionViewCell */,
				840EDE792612CBBA00DA712D /* TagsView.storyboard */,
				840EDE7C2612CBC600DA712D /* TagsViewController.swift */,
			);
			path = TagsView;
			sourceTree = "<group>";
		};
		840EDE822612D20900DA712D /* PhotoCollectionViewCell */ = {
			isa = PBXGroup;
			children = (
				840EDE832612D23100DA712D /* PhotoCollectionViewCell.swift */,
				840EDE842612D23100DA712D /* PhotoCollectionViewCell.xib */,
			);
			path = PhotoCollectionViewCell;
			sourceTree = "<group>";
		};
		840EDE892612D24800DA712D /* TagCollectionViewCell */ = {
			isa = PBXGroup;
			children = (
				840EDE8A2612D25B00DA712D /* TagCollectionViewCell.swift */,
				840EDE8B2612D25B00DA712D /* TagCollectionViewCell.xib */,
			);
			path = TagCollectionViewCell;
			sourceTree = "<group>";
		};
		840EDE8F2612DA4000DA712D /* CustomFlowLayout */ = {
			isa = PBXGroup;
			children = (
				840EDE902612DA4F00DA712D /* CustomFlowLayoutCollectionView.swift */,
			);
			path = CustomFlowLayout;
			sourceTree = "<group>";
		};
/* End PBXGroup section */

/* Begin PBXNativeTarget section */
		840EDE532612C92500DA712D /* W3-Project1-Gumi */ = {
			isa = PBXNativeTarget;
			buildConfigurationList = 840EDE682612C92800DA712D /* Build configuration list for PBXNativeTarget "W3-Project1-Gumi" */;
			buildPhases = (
				840EDE502612C92500DA712D /* Sources */,
				840EDE512612C92500DA712D /* Frameworks */,
				840EDE522612C92500DA712D /* Resources */,
			);
			buildRules = (
			);
			dependencies = (
			);
			name = "W3-Project1-Gumi";
			productName = "W3-Project1-Gumi";
			productReference = 840EDE542612C92500DA712D /* W3-Project1-Gumi.app */;
			productType = "com.apple.product-type.application";
		};
/* End PBXNativeTarget section */

/* Begin PBXProject section */
		840EDE4C2612C92500DA712D /* Project object */ = {
			isa = PBXProject;
			attributes = {
				LastSwiftUpdateCheck = 1240;
				LastUpgradeCheck = 1240;
				TargetAttributes = {
					840EDE532612C92500DA712D = {
						CreatedOnToolsVersion = 12.4;
					};
				};
			};
			buildConfigurationList = 840EDE4F2612C92500DA712D /* Build configuration list for PBXProject "W3-Project1-Gumi" */;
			compatibilityVersion = "Xcode 9.3";
			developmentRegion = en;
			hasScannedForEncodings = 0;
			knownRegions = (
				en,
				Base,
			);
			mainGroup = 840EDE4B2612C92500DA712D;
			productRefGroup = 840EDE552612C92500DA712D /* Products */;
			projectDirPath = "";
			projectRoot = "";
			targets = (
				840EDE532612C92500DA712D /* W3-Project1-Gumi */,
			);
		};
/* End PBXProject section */

/* Begin PBXResourcesBuildPhase section */
		840EDE522612C92500DA712D /* Resources */ = {
			isa = PBXResourcesBuildPhase;
			buildActionMask = 2147483647;
			files = (
				840EDE7A2612CBBA00DA712D /* TagsView.storyboard in Resources */,
				840EDE862612D23100DA712D /* PhotoCollectionViewCell.xib in Resources */,
				840EDE732612C9F200DA712D /* HomeView.storyboard in Resources */,
				840EDE8D2612D25B00DA712D /* TagCollectionViewCell.xib in Resources */,
				840EDE642612C92800DA712D /* LaunchScreen.storyboard in Resources */,
				840EDE612612C92800DA712D /* Assets.xcassets in Resources */,
			);
			runOnlyForDeploymentPostprocessing = 0;
		};
/* End PBXResourcesBuildPhase section */

/* Begin PBXSourcesBuildPhase section */
		840EDE502612C92500DA712D /* Sources */ = {
			isa = PBXSourcesBuildPhase;
			buildActionMask = 2147483647;
			files = (
				840EDE802612CC1E00DA712D /* CommonModels.swift in Sources */,
				840EDE582612C92500DA712D /* AppDelegate.swift in Sources */,
				840EDE912612DA4F00DA712D /* CustomFlowLayoutCollectionView.swift in Sources */,
				840EDE7D2612CBC600DA712D /* TagsViewController.swift in Sources */,
				840EDE8C2612D25B00DA712D /* TagCollectionViewCell.swift in Sources */,
				840EDE962612FE2D00DA712D /* UIImageExtension.swift in Sources */,
				840EDE5A2612C92500DA712D /* SceneDelegate.swift in Sources */,
				840EDE762612CA0100DA712D /* HomeViewController.swift in Sources */,
				840EDE852612D23100DA712D /* PhotoCollectionViewCell.swift in Sources */,
			);
			runOnlyForDeploymentPostprocessing = 0;
		};
/* End PBXSourcesBuildPhase section */

/* Begin PBXVariantGroup section */
		840EDE622612C92800DA712D /* LaunchScreen.storyboard */ = {
			isa = PBXVariantGroup;
			children = (
				840EDE632612C92800DA712D /* Base */,
			);
			name = LaunchScreen.storyboard;
			sourceTree = "<group>";
		};
/* End PBXVariantGroup section */

/* Begin XCBuildConfiguration section */
		840EDE662612C92800DA712D /* Debug */ = {
			isa = XCBuildConfiguration;
			buildSettings = {
				ALWAYS_SEARCH_USER_PATHS = NO;
				CLANG_ANALYZER_NONNULL = YES;
				CLANG_ANALYZER_NUMBER_OBJECT_CONVERSION = YES_AGGRESSIVE;
				CLANG_CXX_LANGUAGE_STANDARD = "gnu++14";
				CLANG_CXX_LIBRARY = "libc++";
				CLANG_ENABLE_MODULES = YES;
				CLANG_ENABLE_OBJC_ARC = YES;
				CLANG_ENABLE_OBJC_WEAK = YES;
				CLANG_WARN_BLOCK_CAPTURE_AUTORELEASING = YES;
				CLANG_WARN_BOOL_CONVERSION = YES;
				CLANG_WARN_COMMA = YES;
				CLANG_WARN_CONSTANT_CONVERSION = YES;
				CLANG_WARN_DEPRECATED_OBJC_IMPLEMENTATIONS = YES;
				CLANG_WARN_DIRECT_OBJC_ISA_USAGE = YES_ERROR;
				CLANG_WARN_DOCUMENTATION_COMMENTS = YES;
				CLANG_WARN_EMPTY_BODY = YES;
				CLANG_WARN_ENUM_CONVERSION = YES;
				CLANG_WARN_INFINITE_RECURSION = YES;
				CLANG_WARN_INT_CONVERSION = YES;
				CLANG_WARN_NON_LITERAL_NULL_CONVERSION = YES;
				CLANG_WARN_OBJC_IMPLICIT_RETAIN_SELF = YES;
				CLANG_WARN_OBJC_LITERAL_CONVERSION = YES;
				CLANG_WARN_OBJC_ROOT_CLASS = YES_ERROR;
				CLANG_WARN_QUOTED_INCLUDE_IN_FRAMEWORK_HEADER = YES;
				CLANG_WARN_RANGE_LOOP_ANALYSIS = YES;
				CLANG_WARN_STRICT_PROTOTYPES = YES;
				CLANG_WARN_SUSPICIOUS_MOVE = YES;
				CLANG_WARN_UNGUARDED_AVAILABILITY = YES_AGGRESSIVE;
				CLANG_WARN_UNREACHABLE_CODE = YES;
				CLANG_WARN__DUPLICATE_METHOD_MATCH = YES;
				COPY_PHASE_STRIP = NO;
				DEBUG_INFORMATION_FORMAT = dwarf;
				ENABLE_STRICT_OBJC_MSGSEND = YES;
				ENABLE_TESTABILITY = YES;
				GCC_C_LANGUAGE_STANDARD = gnu11;
				GCC_DYNAMIC_NO_PIC = NO;
				GCC_NO_COMMON_BLOCKS = YES;
				GCC_OPTIMIZATION_LEVEL = 0;
				GCC_PREPROCESSOR_DEFINITIONS = (
					"DEBUG=1",
					"$(inherited)",
				);
				GCC_WARN_64_TO_32_BIT_CONVERSION = YES;
				GCC_WARN_ABOUT_RETURN_TYPE = YES_ERROR;
				GCC_WARN_UNDECLARED_SELECTOR = YES;
				GCC_WARN_UNINITIALIZED_AUTOS = YES_AGGRESSIVE;
				GCC_WARN_UNUSED_FUNCTION = YES;
				GCC_WARN_UNUSED_VARIABLE = YES;
				IPHONEOS_DEPLOYMENT_TARGET = 14.4;
				MTL_ENABLE_DEBUG_INFO = INCLUDE_SOURCE;
				MTL_FAST_MATH = YES;
				ONLY_ACTIVE_ARCH = YES;
				SDKROOT = iphoneos;
				SWIFT_ACTIVE_COMPILATION_CONDITIONS = DEBUG;
				SWIFT_OPTIMIZATION_LEVEL = "-Onone";
			};
			name = Debug;
		};
		840EDE672612C92800DA712D /* Release */ = {
			isa = XCBuildConfiguration;
			buildSettings = {
				ALWAYS_SEARCH_USER_PATHS = NO;
				CLANG_ANALYZER_NONNULL = YES;
				CLANG_ANALYZER_NUMBER_OBJECT_CONVERSION = YES_AGGRESSIVE;
				CLANG_CXX_LANGUAGE_STANDARD = "gnu++14";
				CLANG_CXX_LIBRARY = "libc++";
				CLANG_ENABLE_MODULES = YES;
				CLANG_ENABLE_OBJC_ARC = YES;
				CLANG_ENABLE_OBJC_WEAK = YES;
				CLANG_WARN_BLOCK_CAPTURE_AUTORELEASING = YES;
				CLANG_WARN_BOOL_CONVERSION = YES;
				CLANG_WARN_COMMA = YES;
				CLANG_WARN_CONSTANT_CONVERSION = YES;
				CLANG_WARN_DEPRECATED_OBJC_IMPLEMENTATIONS = YES;
				CLANG_WARN_DIRECT_OBJC_ISA_USAGE = YES_ERROR;
				CLANG_WARN_DOCUMENTATION_COMMENTS = YES;
				CLANG_WARN_EMPTY_BODY = YES;
				CLANG_WARN_ENUM_CONVERSION = YES;
				CLANG_WARN_INFINITE_RECURSION = YES;
				CLANG_WARN_INT_CONVERSION = YES;
				CLANG_WARN_NON_LITERAL_NULL_CONVERSION = YES;
				CLANG_WARN_OBJC_IMPLICIT_RETAIN_SELF = YES;
				CLANG_WARN_OBJC_LITERAL_CONVERSION = YES;
				CLANG_WARN_OBJC_ROOT_CLASS = YES_ERROR;
				CLANG_WARN_QUOTED_INCLUDE_IN_FRAMEWORK_HEADER = YES;
				CLANG_WARN_RANGE_LOOP_ANALYSIS = YES;
				CLANG_WARN_STRICT_PROTOTYPES = YES;
				CLANG_WARN_SUSPICIOUS_MOVE = YES;
				CLANG_WARN_UNGUARDED_AVAILABILITY = YES_AGGRESSIVE;
				CLANG_WARN_UNREACHABLE_CODE = YES;
				CLANG_WARN__DUPLICATE_METHOD_MATCH = YES;
				COPY_PHASE_STRIP = NO;
				DEBUG_INFORMATION_FORMAT = "dwarf-with-dsym";
				ENABLE_NS_ASSERTIONS = NO;
				ENABLE_STRICT_OBJC_MSGSEND = YES;
				GCC_C_LANGUAGE_STANDARD = gnu11;
				GCC_NO_COMMON_BLOCKS = YES;
				GCC_WARN_64_TO_32_BIT_CONVERSION = YES;
				GCC_WARN_ABOUT_RETURN_TYPE = YES_ERROR;
				GCC_WARN_UNDECLARED_SELECTOR = YES;
				GCC_WARN_UNINITIALIZED_AUTOS = YES_AGGRESSIVE;
				GCC_WARN_UNUSED_FUNCTION = YES;
				GCC_WARN_UNUSED_VARIABLE = YES;
				IPHONEOS_DEPLOYMENT_TARGET = 14.4;
				MTL_ENABLE_DEBUG_INFO = NO;
				MTL_FAST_MATH = YES;
				SDKROOT = iphoneos;
				SWIFT_COMPILATION_MODE = wholemodule;
				SWIFT_OPTIMIZATION_LEVEL = "-O";
				VALIDATE_PRODUCT = YES;
			};
			name = Release;
		};
		840EDE692612C92800DA712D /* Debug */ = {
			isa = XCBuildConfiguration;
			buildSettings = {
				ASSETCATALOG_COMPILER_APPICON_NAME = AppIcon;
				ASSETCATALOG_COMPILER_GLOBAL_ACCENT_COLOR_NAME = AccentColor;
				CODE_SIGN_STYLE = Automatic;
				DEVELOPMENT_TEAM = L7FP62JQUP;
				INFOPLIST_FILE = "W3-Project1-Gumi/Info.plist";
				LD_RUNPATH_SEARCH_PATHS = (
					"$(inherited)",
					"@executable_path/Frameworks",
				);
				PRODUCT_BUNDLE_IDENTIFIER = "thanhnguyen.W3-Project1-Gumi";
				PRODUCT_NAME = "$(TARGET_NAME)";
				SWIFT_VERSION = 5.0;
				TARGETED_DEVICE_FAMILY = "1,2";
			};
			name = Debug;
		};
		840EDE6A2612C92800DA712D /* Release */ = {
			isa = XCBuildConfiguration;
			buildSettings = {
				ASSETCATALOG_COMPILER_APPICON_NAME = AppIcon;
				ASSETCATALOG_COMPILER_GLOBAL_ACCENT_COLOR_NAME = AccentColor;
				CODE_SIGN_STYLE = Automatic;
				DEVELOPMENT_TEAM = L7FP62JQUP;
				INFOPLIST_FILE = "W3-Project1-Gumi/Info.plist";
				LD_RUNPATH_SEARCH_PATHS = (
					"$(inherited)",
					"@executable_path/Frameworks",
				);
				PRODUCT_BUNDLE_IDENTIFIER = "thanhnguyen.W3-Project1-Gumi";
				PRODUCT_NAME = "$(TARGET_NAME)";
				SWIFT_VERSION = 5.0;
				TARGETED_DEVICE_FAMILY = "1,2";
			};
			name = Release;
		};
/* End XCBuildConfiguration section */

/* Begin XCConfigurationList section */
		840EDE4F2612C92500DA712D /* Build configuration list for PBXProject "W3-Project1-Gumi" */ = {
			isa = XCConfigurationList;
			buildConfigurations = (
				840EDE662612C92800DA712D /* Debug */,
				840EDE672612C92800DA712D /* Release */,
			);
			defaultConfigurationIsVisible = 0;
			defaultConfigurationName = Release;
		};
		840EDE682612C92800DA712D /* Build configuration list for PBXNativeTarget "W3-Project1-Gumi" */ = {
			isa = XCConfigurationList;
			buildConfigurations = (
				840EDE692612C92800DA712D /* Debug */,
				840EDE6A2612C92800DA712D /* Release */,
			);
			defaultConfigurationIsVisible = 0;
			defaultConfigurationName = Release;
		};
/* End XCConfigurationList section */
	};
	rootObject = 840EDE4C2612C92500DA712D /* Project object */;
}
